// !$*UTF8*$!
{
	archiveVersion = 1;
	classes = {
	};
	objectVersion = 56;
	objects = {

/* Begin PBXBuildFile section */
		6533D3862987FAD90044CD80 /* String.swift in Sources */ = {isa = PBXBuildFile; fileRef = 6533D3852987FAD90044CD80 /* String.swift */; };
		6533D3882988FA780044CD80 /* BackTrace.swift in Sources */ = {isa = PBXBuildFile; fileRef = 6533D3872988FA780044CD80 /* BackTrace.swift */; };
		65CDC476297509CF00923CF8 /* Array.swift in Sources */ = {isa = PBXBuildFile; fileRef = 65CDC475297509CF00923CF8 /* Array.swift */; };
		65CDC478297509D600923CF8 /* DFS.swift in Sources */ = {isa = PBXBuildFile; fileRef = 65CDC477297509D600923CF8 /* DFS.swift */; };
		65CDC47A297509E300923CF8 /* List.swift in Sources */ = {isa = PBXBuildFile; fileRef = 65CDC479297509E300923CF8 /* List.swift */; };
		65CDC47C297509EC00923CF8 /* Stack.swift in Sources */ = {isa = PBXBuildFile; fileRef = 65CDC47B297509EC00923CF8 /* Stack.swift */; };
		65DC79C5296B09D3005DD275 /* main.swift in Sources */ = {isa = PBXBuildFile; fileRef = 65DC79C4296B09D3005DD275 /* main.swift */; };
		65DE07C9296C15D000B88B95 /* TreeNode.swift in Sources */ = {isa = PBXBuildFile; fileRef = 65DE07C8296C15D000B88B95 /* TreeNode.swift */; };
		65DE07CB296C1FA700B88B95 /* ListNode.swift in Sources */ = {isa = PBXBuildFile; fileRef = 65DE07CA296C1FA700B88B95 /* ListNode.swift */; };
		65DE07CD296D954D00B88B95 /* TreeTraversal.swift in Sources */ = {isa = PBXBuildFile; fileRef = 65DE07CC296D954D00B88B95 /* TreeTraversal.swift */; };
		65DE07CF296FD5DC00B88B95 /* Tree.swift in Sources */ = {isa = PBXBuildFile; fileRef = 65DE07CE296FD5DC00B88B95 /* Tree.swift */; };
		65DE07D1296FD69100B88B95 /* BinarySearchTree.swift in Sources */ = {isa = PBXBuildFile; fileRef = 65DE07D0296FD69100B88B95 /* BinarySearchTree.swift */; };
		65DE07D3296FE0D200B88B95 /* DP.swift in Sources */ = {isa = PBXBuildFile; fileRef = 65DE07D2296FE0D200B88B95 /* DP.swift */; };
/* End PBXBuildFile section */

/* Begin PBXCopyFilesBuildPhase section */
		65DC79BF296B09D2005DD275 /* CopyFiles */ = {
			isa = PBXCopyFilesBuildPhase;
			buildActionMask = 2147483647;
			dstPath = /usr/share/man/man1/;
			dstSubfolderSpec = 0;
			files = (
			);
			runOnlyForDeploymentPostprocessing = 1;
		};
/* End PBXCopyFilesBuildPhase section */

/* Begin PBXFileReference section */
		6533D3852987FAD90044CD80 /* String.swift */ = {isa = PBXFileReference; lastKnownFileType = sourcecode.swift; path = String.swift; sourceTree = "<group>"; };
		6533D3872988FA780044CD80 /* BackTrace.swift */ = {isa = PBXFileReference; lastKnownFileType = sourcecode.swift; path = BackTrace.swift; sourceTree = "<group>"; };
		65CDC475297509CF00923CF8 /* Array.swift */ = {isa = PBXFileReference; fileEncoding = 4; lastKnownFileType = sourcecode.swift; path = Array.swift; sourceTree = "<group>"; };
		65CDC477297509D600923CF8 /* DFS.swift */ = {isa = PBXFileReference; fileEncoding = 4; lastKnownFileType = sourcecode.swift; path = DFS.swift; sourceTree = "<group>"; };
		65CDC479297509E300923CF8 /* List.swift */ = {isa = PBXFileReference; fileEncoding = 4; lastKnownFileType = sourcecode.swift; path = List.swift; sourceTree = "<group>"; };
		65CDC47B297509EC00923CF8 /* Stack.swift */ = {isa = PBXFileReference; fileEncoding = 4; lastKnownFileType = sourcecode.swift; path = Stack.swift; sourceTree = "<group>"; };
		65DC79C1296B09D2005DD275 /* Code */ = {isa = PBXFileReference; explicitFileType = "compiled.mach-o.executable"; includeInIndex = 0; path = Code; sourceTree = BUILT_PRODUCTS_DIR; };
		65DC79C4296B09D3005DD275 /* main.swift */ = {isa = PBXFileReference; lastKnownFileType = sourcecode.swift; path = main.swift; sourceTree = "<group>"; };
		65DE07C8296C15D000B88B95 /* TreeNode.swift */ = {isa = PBXFileReference; lastKnownFileType = sourcecode.swift; path = TreeNode.swift; sourceTree = "<group>"; };
		65DE07CA296C1FA700B88B95 /* ListNode.swift */ = {isa = PBXFileReference; lastKnownFileType = sourcecode.swift; path = ListNode.swift; sourceTree = "<group>"; };
		65DE07CC296D954D00B88B95 /* TreeTraversal.swift */ = {isa = PBXFileReference; lastKnownFileType = sourcecode.swift; path = TreeTraversal.swift; sourceTree = "<group>"; };
		65DE07CE296FD5DC00B88B95 /* Tree.swift */ = {isa = PBXFileReference; lastKnownFileType = sourcecode.swift; path = Tree.swift; sourceTree = "<group>"; };
		65DE07D0296FD69100B88B95 /* BinarySearchTree.swift */ = {isa = PBXFileReference; lastKnownFileType = sourcecode.swift; path = BinarySearchTree.swift; sourceTree = "<group>"; };
		65DE07D2296FE0D200B88B95 /* DP.swift */ = {isa = PBXFileReference; lastKnownFileType = sourcecode.swift; path = DP.swift; sourceTree = "<group>"; };
/* End PBXFileReference section */

/* Begin PBXFrameworksBuildPhase section */
		65DC79BE296B09D2005DD275 /* Frameworks */ = {
			isa = PBXFrameworksBuildPhase;
			buildActionMask = 2147483647;
			files = (
			);
			runOnlyForDeploymentPostprocessing = 0;
		};
/* End PBXFrameworksBuildPhase section */

/* Begin PBXGroup section */
		6533D3892988FA8E0044CD80 /* DataStructure */ = {
			isa = PBXGroup;
			children = (
				6533D3852987FAD90044CD80 /* String.swift */,
				65CDC475297509CF00923CF8 /* Array.swift */,
				65CDC47B297509EC00923CF8 /* Stack.swift */,
				65CDC47D297509FE00923CF8 /* List */,
				65CDC47E29750A3C00923CF8 /* Tree */,
			);
			path = DataStructure;
			sourceTree = "<group>";
		};
		6533D38A2988FABD0044CD80 /* Algorithm */ = {
			isa = PBXGroup;
			children = (
				65DE07D2296FE0D200B88B95 /* DP.swift */,
				6533D3872988FA780044CD80 /* BackTrace.swift */,
				65CDC477297509D600923CF8 /* DFS.swift */,
			);
			path = Algorithm;
			sourceTree = "<group>";
		};
		65CDC47D297509FE00923CF8 /* List */ = {
			isa = PBXGroup;
			children = (
				65DE07CA296C1FA700B88B95 /* ListNode.swift */,
				65CDC479297509E300923CF8 /* List.swift */,
			);
			path = List;
			sourceTree = "<group>";
		};
		65CDC47E29750A3C00923CF8 /* Tree */ = {
			isa = PBXGroup;
			children = (
				65DE07C8296C15D000B88B95 /* TreeNode.swift */,
				65DE07CC296D954D00B88B95 /* TreeTraversal.swift */,
				65DE07CE296FD5DC00B88B95 /* Tree.swift */,
				65DE07D0296FD69100B88B95 /* BinarySearchTree.swift */,
			);
			path = Tree;
			sourceTree = "<group>";
		};
		65DC79B8296B09D2005DD275 = {
			isa = PBXGroup;
			children = (
				65DC79C3296B09D3005DD275 /* Code */,
				65DC79C2296B09D2005DD275 /* Products */,
			);
			sourceTree = "<group>";
		};
		65DC79C2296B09D2005DD275 /* Products */ = {
			isa = PBXGroup;
			children = (
				65DC79C1296B09D2005DD275 /* Code */,
			);
			name = Products;
			sourceTree = "<group>";
		};
		65DC79C3296B09D3005DD275 /* Code */ = {
			isa = PBXGroup;
			children = (
				65DC79C4296B09D3005DD275 /* main.swift */,
				6533D3892988FA8E0044CD80 /* DataStructure */,
				6533D38A2988FABD0044CD80 /* Algorithm */,
			);
			path = Code;
			sourceTree = "<group>";
		};
/* End PBXGroup section */

/* Begin PBXNativeTarget section */
		65DC79C0296B09D2005DD275 /* Code */ = {
			isa = PBXNativeTarget;
			buildConfigurationList = 65DC79C8296B09D3005DD275 /* Build configuration list for PBXNativeTarget "Code" */;
			buildPhases = (
				65DC79BD296B09D2005DD275 /* Sources */,
				65DC79BE296B09D2005DD275 /* Frameworks */,
				65DC79BF296B09D2005DD275 /* CopyFiles */,
			);
			buildRules = (
			);
			dependencies = (
			);
			name = Code;
			productName = Code;
			productReference = 65DC79C1296B09D2005DD275 /* Code */;
			productType = "com.apple.product-type.tool";
		};
/* End PBXNativeTarget section */

/* Begin PBXProject section */
		65DC79B9296B09D2005DD275 /* Project object */ = {
			isa = PBXProject;
			attributes = {
				BuildIndependentTargetsInParallel = 1;
				LastSwiftUpdateCheck = 1420;
				LastUpgradeCheck = 1420;
				TargetAttributes = {
					65DC79C0296B09D2005DD275 = {
						CreatedOnToolsVersion = 14.2;
					};
				};
			};
			buildConfigurationList = 65DC79BC296B09D2005DD275 /* Build configuration list for PBXProject "Code" */;
			compatibilityVersion = "Xcode 14.0";
			developmentRegion = en;
			hasScannedForEncodings = 0;
			knownRegions = (
				en,
				Base,
			);
			mainGroup = 65DC79B8296B09D2005DD275;
			productRefGroup = 65DC79C2296B09D2005DD275 /* Products */;
			projectDirPath = "";
			projectRoot = "";
			targets = (
				65DC79C0296B09D2005DD275 /* Code */,
			);
		};
/* End PBXProject section */

/* Begin PBXSourcesBuildPhase section */
		65DC79BD296B09D2005DD275 /* Sources */ = {
			isa = PBXSourcesBuildPhase;
			buildActionMask = 2147483647;
			files = (
				65CDC476297509CF00923CF8 /* Array.swift in Sources */,
				65DE07CF296FD5DC00B88B95 /* Tree.swift in Sources */,
				65DE07D1296FD69100B88B95 /* BinarySearchTree.swift in Sources */,
				65CDC47A297509E300923CF8 /* List.swift in Sources */,
				65CDC478297509D600923CF8 /* DFS.swift in Sources */,
				65CDC47C297509EC00923CF8 /* Stack.swift in Sources */,
				6533D3862987FAD90044CD80 /* String.swift in Sources */,
				6533D3882988FA780044CD80 /* BackTrace.swift in Sources */,
				65DC79C5296B09D3005DD275 /* main.swift in Sources */,
				65DE07C9296C15D000B88B95 /* TreeNode.swift in Sources */,
				65DE07CD296D954D00B88B95 /* TreeTraversal.swift in Sources */,
				65DE07CB296C1FA700B88B95 /* ListNode.swift in Sources */,
				65DE07D3296FE0D200B88B95 /* DP.swift in Sources */,
			);
			runOnlyForDeploymentPostprocessing = 0;
		};
/* End PBXSourcesBuildPhase section */

/* Begin XCBuildConfiguration section */
		65DC79C6296B09D3005DD275 /* Debug */ = {
			isa = XCBuildConfiguration;
			buildSettings = {
				ALWAYS_SEARCH_USER_PATHS = NO;
				CLANG_ANALYZER_NONNULL = YES;
				CLANG_ANALYZER_NUMBER_OBJECT_CONVERSION = YES_AGGRESSIVE;
				CLANG_CXX_LANGUAGE_STANDARD = "gnu++20";
				CLANG_ENABLE_MODULES = YES;
				CLANG_ENABLE_OBJC_ARC = YES;
				CLANG_ENABLE_OBJC_WEAK = YES;
				CLANG_WARN_BLOCK_CAPTURE_AUTORELEASING = YES;
				CLANG_WARN_BOOL_CONVERSION = YES;
				CLANG_WARN_COMMA = YES;
				CLANG_WARN_CONSTANT_CONVERSION = YES;
				CLANG_WARN_DEPRECATED_OBJC_IMPLEMENTATIONS = YES;
				CLANG_WARN_DIRECT_OBJC_ISA_USAGE = YES_ERROR;
				CLANG_WARN_DOCUMENTATION_COMMENTS = YES;
				CLANG_WARN_EMPTY_BODY = YES;
				CLANG_WARN_ENUM_CONVERSION = YES;
				CLANG_WARN_INFINITE_RECURSION = YES;
				CLANG_WARN_INT_CONVERSION = YES;
				CLANG_WARN_NON_LITERAL_NULL_CONVERSION = YES;
				CLANG_WARN_OBJC_IMPLICIT_RETAIN_SELF = YES;
				CLANG_WARN_OBJC_LITERAL_CONVERSION = YES;
				CLANG_WARN_OBJC_ROOT_CLASS = YES_ERROR;
				CLANG_WARN_QUOTED_INCLUDE_IN_FRAMEWORK_HEADER = YES;
				CLANG_WARN_RANGE_LOOP_ANALYSIS = YES;
				CLANG_WARN_STRICT_PROTOTYPES = YES;
				CLANG_WARN_SUSPICIOUS_MOVE = YES;
				CLANG_WARN_UNGUARDED_AVAILABILITY = YES_AGGRESSIVE;
				CLANG_WARN_UNREACHABLE_CODE = YES;
				CLANG_WARN__DUPLICATE_METHOD_MATCH = YES;
				COPY_PHASE_STRIP = NO;
				DEBUG_INFORMATION_FORMAT = dwarf;
				ENABLE_STRICT_OBJC_MSGSEND = YES;
				ENABLE_TESTABILITY = YES;
				GCC_C_LANGUAGE_STANDARD = gnu11;
				GCC_DYNAMIC_NO_PIC = NO;
				GCC_NO_COMMON_BLOCKS = YES;
				GCC_OPTIMIZATION_LEVEL = 0;
				GCC_PREPROCESSOR_DEFINITIONS = (
					"DEBUG=1",
					"$(inherited)",
				);
				GCC_WARN_64_TO_32_BIT_CONVERSION = YES;
				GCC_WARN_ABOUT_RETURN_TYPE = YES_ERROR;
				GCC_WARN_UNDECLARED_SELECTOR = YES;
				GCC_WARN_UNINITIALIZED_AUTOS = YES_AGGRESSIVE;
				GCC_WARN_UNUSED_FUNCTION = YES;
				GCC_WARN_UNUSED_VARIABLE = YES;
				MACOSX_DEPLOYMENT_TARGET = 13.1;
				MTL_ENABLE_DEBUG_INFO = INCLUDE_SOURCE;
				MTL_FAST_MATH = YES;
				ONLY_ACTIVE_ARCH = YES;
				SDKROOT = macosx;
				SWIFT_ACTIVE_COMPILATION_CONDITIONS = DEBUG;
				SWIFT_OPTIMIZATION_LEVEL = "-Onone";
			};
			name = Debug;
		};
		65DC79C7296B09D3005DD275 /* Release */ = {
			isa = XCBuildConfiguration;
			buildSettings = {
				ALWAYS_SEARCH_USER_PATHS = NO;
				CLANG_ANALYZER_NONNULL = YES;
				CLANG_ANALYZER_NUMBER_OBJECT_CONVERSION = YES_AGGRESSIVE;
				CLANG_CXX_LANGUAGE_STANDARD = "gnu++20";
				CLANG_ENABLE_MODULES = YES;
				CLANG_ENABLE_OBJC_ARC = YES;
				CLANG_ENABLE_OBJC_WEAK = YES;
				CLANG_WARN_BLOCK_CAPTURE_AUTORELEASING = YES;
				CLANG_WARN_BOOL_CONVERSION = YES;
				CLANG_WARN_COMMA = YES;
				CLANG_WARN_CONSTANT_CONVERSION = YES;
				CLANG_WARN_DEPRECATED_OBJC_IMPLEMENTATIONS = YES;
				CLANG_WARN_DIRECT_OBJC_ISA_USAGE = YES_ERROR;
				CLANG_WARN_DOCUMENTATION_COMMENTS = YES;
				CLANG_WARN_EMPTY_BODY = YES;
				CLANG_WARN_ENUM_CONVERSION = YES;
				CLANG_WARN_INFINITE_RECURSION = YES;
				CLANG_WARN_INT_CONVERSION = YES;
				CLANG_WARN_NON_LITERAL_NULL_CONVERSION = YES;
				CLANG_WARN_OBJC_IMPLICIT_RETAIN_SELF = YES;
				CLANG_WARN_OBJC_LITERAL_CONVERSION = YES;
				CLANG_WARN_OBJC_ROOT_CLASS = YES_ERROR;
				CLANG_WARN_QUOTED_INCLUDE_IN_FRAMEWORK_HEADER = YES;
				CLANG_WARN_RANGE_LOOP_ANALYSIS = YES;
				CLANG_WARN_STRICT_PROTOTYPES = YES;
				CLANG_WARN_SUSPICIOUS_MOVE = YES;
				CLANG_WARN_UNGUARDED_AVAILABILITY = YES_AGGRESSIVE;
				CLANG_WARN_UNREACHABLE_CODE = YES;
				CLANG_WARN__DUPLICATE_METHOD_MATCH = YES;
				COPY_PHASE_STRIP = NO;
				DEBUG_INFORMATION_FORMAT = "dwarf-with-dsym";
				ENABLE_NS_ASSERTIONS = NO;
				ENABLE_STRICT_OBJC_MSGSEND = YES;
				GCC_C_LANGUAGE_STANDARD = gnu11;
				GCC_NO_COMMON_BLOCKS = YES;
				GCC_WARN_64_TO_32_BIT_CONVERSION = YES;
				GCC_WARN_ABOUT_RETURN_TYPE = YES_ERROR;
				GCC_WARN_UNDECLARED_SELECTOR = YES;
				GCC_WARN_UNINITIALIZED_AUTOS = YES_AGGRESSIVE;
				GCC_WARN_UNUSED_FUNCTION = YES;
				GCC_WARN_UNUSED_VARIABLE = YES;
				MACOSX_DEPLOYMENT_TARGET = 13.1;
				MTL_ENABLE_DEBUG_INFO = NO;
				MTL_FAST_MATH = YES;
				SDKROOT = macosx;
				SWIFT_COMPILATION_MODE = wholemodule;
				SWIFT_OPTIMIZATION_LEVEL = "-O";
			};
			name = Release;
		};
		65DC79C9296B09D3005DD275 /* Debug */ = {
			isa = XCBuildConfiguration;
			buildSettings = {
				CODE_SIGN_STYLE = Automatic;
				DEVELOPMENT_TEAM = 6J762VLC7C;
				ENABLE_HARDENED_RUNTIME = YES;
				PRODUCT_NAME = "$(TARGET_NAME)";
				SWIFT_VERSION = 5.0;
			};
			name = Debug;
		};
		65DC79CA296B09D3005DD275 /* Release */ = {
			isa = XCBuildConfiguration;
			buildSettings = {
				CODE_SIGN_STYLE = Automatic;
				DEVELOPMENT_TEAM = 6J762VLC7C;
				ENABLE_HARDENED_RUNTIME = YES;
				PRODUCT_NAME = "$(TARGET_NAME)";
				SWIFT_VERSION = 5.0;
			};
			name = Release;
		};
/* End XCBuildConfiguration section */

/* Begin XCConfigurationList section */
		65DC79BC296B09D2005DD275 /* Build configuration list for PBXProject "Code" */ = {
			isa = XCConfigurationList;
			buildConfigurations = (
				65DC79C6296B09D3005DD275 /* Debug */,
				65DC79C7296B09D3005DD275 /* Release */,
			);
			defaultConfigurationIsVisible = 0;
			defaultConfigurationName = Release;
		};
		65DC79C8296B09D3005DD275 /* Build configuration list for PBXNativeTarget "Code" */ = {
			isa = XCConfigurationList;
			buildConfigurations = (
				65DC79C9296B09D3005DD275 /* Debug */,
				65DC79CA296B09D3005DD275 /* Release */,
			);
			defaultConfigurationIsVisible = 0;
			defaultConfigurationName = Release;
		};
/* End XCConfigurationList section */
	};
	rootObject = 65DC79B9296B09D2005DD275 /* Project object */;
}
